
Microsoft Visual Studio Solution File, Format Version 12.00
# Visual Studio Version 16
VisualStudioVersion = 16.0.31911.196
MinimumVisualStudioVersion = 10.0.40219.1
Project("{FAE04EC0-301F-11D3-BF4B-00C04F79EFBC}") = "Lab5.1", "Lab5\Lab5.1.csproj", "{2582EDEB-B99F-48A0-A6AC-5E5EA17E4016}"
EndProject
Project("{FAE04EC0-301F-11D3-BF4B-00C04F79EFBC}") = "Lab5.5", "ConsoleApp1\Lab5.5.csproj", "{F4FF6C33-BB45-4580-8532-F711EB11EE59}"
EndProject
Global
	GlobalSection(SolutionConfigurationPlatforms) = preSolution
		Debug|Any CPU = Debug|Any CPU
		Release|Any CPU = Release|Any CPU
	EndGlobalSection
	GlobalSection(ProjectConfigurationPlatforms) = postSolution
		{2582EDEB-B99F-48A0-A6AC-5E5EA17E4016}.Debug|Any CPU.ActiveCfg = Debug|Any CPU
		{2582EDEB-B99F-48A0-A6AC-5E5EA17E4016}.Debug|Any CPU.Build.0 = Debug|Any CPU
		{2582EDEB-B99F-48A0-A6AC-5E5EA17E4016}.Release|Any CPU.ActiveCfg = Release|Any CPU
		{2582EDEB-B99F-48A0-A6AC-5E5EA17E4016}.Release|Any CPU.Build.0 = Release|Any CPU
		{F4FF6C33-BB45-4580-8532-F711EB11EE59}.Debug|Any CPU.ActiveCfg = Debug|Any CPU
		{F4FF6C33-BB45-4580-8532-F711EB11EE59}.Debug|Any CPU.Build.0 = Debug|Any CPU
		{F4FF6C33-BB45-4580-8532-F711EB11EE59}.Release|Any CPU.ActiveCfg = Release|Any CPU
		{F4FF6C33-BB45-4580-8532-F711EB11EE59}.Release|Any CPU.Build.0 = Release|Any CPU
	EndGlobalSection
	GlobalSection(SolutionProperties) = preSolution
		HideSolutionNode = FALSE
	EndGlobalSection
	GlobalSection(ExtensibilityGlobals) = postSolution
		SolutionGuid = {F0DC90F5-65A2-4109-9C11-C349534EA6C4}
	EndGlobalSection
EndGlobal
